
Microsoft Visual Studio Solution File, Format Version 12.00
# Visual Studio Version 17
VisualStudioVersion = 17.5.33516.290
MinimumVisualStudioVersion = 10.0.40219.1
Project("{FAE04EC0-301F-11D3-BF4B-00C04F79EFBC}") = "WalletsWebApi", "WalletsWebApi\WalletsWebApi.csproj", "{3D27C8ED-526E-436E-A818-5096E92B9BFD}"
EndProject
Project("{FAE04EC0-301F-11D3-BF4B-00C04F79EFBC}") = "Core", "Core\Core.csproj", "{DB9D9B0F-15EB-402B-9DCB-7E6EC5BDE8C1}"
EndProject
Global
	GlobalSection(SolutionConfigurationPlatforms) = preSolution
		Debug|Any CPU = Debug|Any CPU
		Release|Any CPU = Release|Any CPU
	EndGlobalSection
	GlobalSection(ProjectConfigurationPlatforms) = postSolution
		{3D27C8ED-526E-436E-A818-5096E92B9BFD}.Debug|Any CPU.ActiveCfg = Debug|Any CPU
		{3D27C8ED-526E-436E-A818-5096E92B9BFD}.Debug|Any CPU.Build.0 = Debug|Any CPU
		{3D27C8ED-526E-436E-A818-5096E92B9BFD}.Release|Any CPU.ActiveCfg = Release|Any CPU
		{3D27C8ED-526E-436E-A818-5096E92B9BFD}.Release|Any CPU.Build.0 = Release|Any CPU
		{DB9D9B0F-15EB-402B-9DCB-7E6EC5BDE8C1}.Debug|Any CPU.ActiveCfg = Debug|Any CPU
		{DB9D9B0F-15EB-402B-9DCB-7E6EC5BDE8C1}.Debug|Any CPU.Build.0 = Debug|Any CPU
		{DB9D9B0F-15EB-402B-9DCB-7E6EC5BDE8C1}.Release|Any CPU.ActiveCfg = Release|Any CPU
		{DB9D9B0F-15EB-402B-9DCB-7E6EC5BDE8C1}.Release|Any CPU.Build.0 = Release|Any CPU
	EndGlobalSection
	GlobalSection(SolutionProperties) = preSolution
		HideSolutionNode = FALSE
	EndGlobalSection
	GlobalSection(ExtensibilityGlobals) = postSolution
		SolutionGuid = {9762B716-4D7A-44D4-B8F7-30C3A0F973F6}
	EndGlobalSection
EndGlobal
